
Microsoft Visual Studio Solution File, Format Version 12.00
# Visual Studio Version 16
VisualStudioVersion = 16.0.31729.503
MinimumVisualStudioVersion = 10.0.40219.1
Project("{8BC9CEB8-8B4A-11D0-8D11-00A0C91BC942}") = "mergeSort", "mergeSort\mergeSort.vcxproj", "{985F67B3-4ECA-4CF2-A0D5-044C7A61CEC3}"
EndProject
Global
	GlobalSection(SolutionConfigurationPlatforms) = preSolution
		Debug|x64 = Debug|x64
		Debug|x86 = Debug|x86
		Release|x64 = Release|x64
		Release|x86 = Release|x86
	EndGlobalSection
	GlobalSection(ProjectConfigurationPlatforms) = postSolution
		{985F67B3-4ECA-4CF2-A0D5-044C7A61CEC3}.Debug|x64.ActiveCfg = Debug|x64
		{985F67B3-4ECA-4CF2-A0D5-044C7A61CEC3}.Debug|x64.Build.0 = Debug|x64
		{985F67B3-4ECA-4CF2-A0D5-044C7A61CEC3}.Debug|x86.ActiveCfg = Debug|Win32
		{985F67B3-4ECA-4CF2-A0D5-044C7A61CEC3}.Debug|x86.Build.0 = Debug|Win32
		{985F67B3-4ECA-4CF2-A0D5-044C7A61CEC3}.Release|x64.ActiveCfg = Release|x64
		{985F67B3-4ECA-4CF2-A0D5-044C7A61CEC3}.Release|x64.Build.0 = Release|x64
		{985F67B3-4ECA-4CF2-A0D5-044C7A61CEC3}.Release|x86.ActiveCfg = Release|Win32
		{985F67B3-4ECA-4CF2-A0D5-044C7A61CEC3}.Release|x86.Build.0 = Release|Win32
	EndGlobalSection
	GlobalSection(SolutionProperties) = preSolution
		HideSolutionNode = FALSE
	EndGlobalSection
	GlobalSection(ExtensibilityGlobals) = postSolution
		SolutionGuid = {EAFF6244-49B9-4441-87E4-61C13D8B46BD}
	EndGlobalSection
EndGlobal
